
Microsoft Visual Studio Solution File, Format Version 11.00
# Visual Studio 2010
Project("{FAE04EC0-301F-11D3-BF4B-00C04F79EFBC}") = "WP7Clipboard", "WP7Clipboard\WP7Clipboard.csproj", "{B1CB63F0-67CC-4EC4-94D2-B346C9463FFD}"
EndProject
Project("{FAE04EC0-301F-11D3-BF4B-00C04F79EFBC}") = "WP7Clipboard.Demo", "WP7Clipboard.Demo\WP7Clipboard.Demo.csproj", "{67AAA5F4-C947-4680-A632-D4A328ED4EF0}"
EndProject
Global
	GlobalSection(SolutionConfigurationPlatforms) = preSolution
		Debug|Any CPU = Debug|Any CPU
		Release|Any CPU = Release|Any CPU
	EndGlobalSection
	GlobalSection(ProjectConfigurationPlatforms) = postSolution
		{B1CB63F0-67CC-4EC4-94D2-B346C9463FFD}.Debug|Any CPU.ActiveCfg = Debug|Any CPU
		{B1CB63F0-67CC-4EC4-94D2-B346C9463FFD}.Debug|Any CPU.Build.0 = Debug|Any CPU
		{B1CB63F0-67CC-4EC4-94D2-B346C9463FFD}.Release|Any CPU.ActiveCfg = Release|Any CPU
		{B1CB63F0-67CC-4EC4-94D2-B346C9463FFD}.Release|Any CPU.Build.0 = Release|Any CPU
		{67AAA5F4-C947-4680-A632-D4A328ED4EF0}.Debug|Any CPU.ActiveCfg = Debug|Any CPU
		{67AAA5F4-C947-4680-A632-D4A328ED4EF0}.Debug|Any CPU.Build.0 = Debug|Any CPU
		{67AAA5F4-C947-4680-A632-D4A328ED4EF0}.Debug|Any CPU.Deploy.0 = Debug|Any CPU
		{67AAA5F4-C947-4680-A632-D4A328ED4EF0}.Release|Any CPU.ActiveCfg = Release|Any CPU
		{67AAA5F4-C947-4680-A632-D4A328ED4EF0}.Release|Any CPU.Build.0 = Release|Any CPU
		{67AAA5F4-C947-4680-A632-D4A328ED4EF0}.Release|Any CPU.Deploy.0 = Release|Any CPU
	EndGlobalSection
	GlobalSection(SolutionProperties) = preSolution
		HideSolutionNode = FALSE
	EndGlobalSection
EndGlobal
